
Microsoft Visual Studio Solution File, Format Version 12.00
# Visual Studio Version 17
VisualStudioVersion = 17.9.34728.123
MinimumVisualStudioVersion = 10.0.40219.1
Project("{2150E333-8FDC-42A3-9474-1A3956D46DE8}") = "06 - Data Access", "06 - Data Access", "{B849DA00-42D2-466C-BCE1-34F262799037}"
EndProject
Project("{2150E333-8FDC-42A3-9474-1A3956D46DE8}") = "05 - API", "05 - API", "{D51C14E0-8FBE-49AC-96B0-1B53A5782FDC}"
EndProject
Project("{2150E333-8FDC-42A3-9474-1A3956D46DE8}") = "01 - View", "01 - View", "{453B40E1-CE62-4AE6-9D1D-389B535772FE}"
EndProject
Project("{2150E333-8FDC-42A3-9474-1A3956D46DE8}") = "02 - View Model", "02 - View Model", "{AFEDE750-F6FC-451C-9C5D-BDC99537BA02}"
EndProject
Project("{2150E333-8FDC-42A3-9474-1A3956D46DE8}") = "03 - Model", "03 - Model", "{F70AE1B4-E5FB-472A-98CB-CC9F5515806A}"
EndProject
Project("{2150E333-8FDC-42A3-9474-1A3956D46DE8}") = "10 - Testing", "10 - Testing", "{B2176019-C86D-417B-9320-B9B1C1808C95}"
EndProject
Project("{2150E333-8FDC-42A3-9474-1A3956D46DE8}") = "04 - Utilities", "04 - Utilities", "{E4732B19-2470-43C0-AA17-57FD92ABE9FC}"
EndProject
Project("{2150E333-8FDC-42A3-9474-1A3956D46DE8}") = "Solution Items", "Solution Items", "{D1F0C299-7D61-456E-83BF-BFB94B4D77AA}"
	ProjectSection(SolutionItems) = preProject
		src\main\assembly\installer-assembly.xml = src\main\assembly\installer-assembly.xml
		pom.xml = pom.xml
		README.md = README.md
		tools\RunUnitTestsForJenkins.bat = tools\RunUnitTestsForJenkins.bat
		tools\RunUnitTestsForJenkins.ps1 = tools\RunUnitTestsForJenkins.ps1
		tools\SetUpDevEnvironment.ps1 = tools\SetUpDevEnvironment.ps1
	EndProjectSection
EndProject
Project("{2150E333-8FDC-42A3-9474-1A3956D46DE8}") = "Documentation", "Documentation", "{AEE06AC7-E5DF-40FD-9EE0-A04E236DB1B2}"
	ProjectSection(SolutionItems) = preProject
		Documentation\ActiveDirectory.markdown = Documentation\ActiveDirectory.markdown
		Documentation\OpcUaDebugging.markdown = Documentation\OpcUaDebugging.markdown
		Documentation\OpcUaEvents.markdown = Documentation\OpcUaEvents.markdown
		Documentation\ScoutX.markdown = Documentation\ScoutX.markdown
		Documentation\SecurityArchitecture.markdown = Documentation\SecurityArchitecture.markdown
		Documentation\Troubleshooting.markdown = Documentation\Troubleshooting.markdown
		Documentation\WritingTestsThatUseTheBackend.markdown = Documentation\WritingTestsThatUseTheBackend.markdown
	EndProjectSection
EndProject
Project("{2150E333-8FDC-42A3-9474-1A3956D46DE8}") = "Images", "Images", "{2BDDFA1D-4C5F-4A99-B153-366461516F67}"
	ProjectSection(SolutionItems) = preProject
		Documentation\Images\Debugging_GrpcDependencies_1.jpg = Documentation\Images\Debugging_GrpcDependencies_1.jpg
		Documentation\Images\Debugging_GrpcDependencies_2.jpg = Documentation\Images\Debugging_GrpcDependencies_2.jpg
		Documentation\Images\Debugging_GrpcDependencies_3.jpg = Documentation\Images\Debugging_GrpcDependencies_3.jpg
		Documentation\Images\LayeredDependenciesForScoutUI.png = Documentation\Images\LayeredDependenciesForScoutUI.png
		Documentation\Images\ModuleDependenciesForScoutUI.png = Documentation\Images\ModuleDependenciesForScoutUI.png
		Documentation\Images\SecurityPrincipalStack.png = Documentation\Images\SecurityPrincipalStack.png
		Documentation\Images\UnableToLoadHawkeyeCoreDll.png = Documentation\Images\UnableToLoadHawkeyeCoreDll.png
	EndProjectSection
EndProject
Project("{2150E333-8FDC-42A3-9474-1A3956D46DE8}") = "07 - Scout Services", "07 - Scout Services", "{BD205BED-8157-48E1-8A90-10B2E9AA21F1}"
EndProject
Project("{2150E333-8FDC-42A3-9474-1A3956D46DE8}") = "08 - ScoutOpcUa", "08 - ScoutOpcUa", "{7187EFE8-BC02-4ABE-A081-841AD584C970}"
EndProject
Project("{9A19103F-16F7-4668-BE54-9A1E7A4F7556}") = "ScoutUI", "ScoutUI\ScoutUI.csproj", "{B85CA4E8-F6E9-477C-84E6-3F3C8F1EC40C}"
EndProject
Project("{9A19103F-16F7-4668-BE54-9A1E7A4F7556}") = "ScoutViewModels", "ScoutViewModels\ScoutViewModels.csproj", "{54FB59B8-31FD-4D46-A7B6-3BE5D07A66FF}"
EndProject
Project("{9A19103F-16F7-4668-BE54-9A1E7A4F7556}") = "ScoutDomains", "ScoutDomains\ScoutDomains.csproj", "{0BF98771-0A7E-4518-B7E0-A5BF94ECFC52}"
EndProject
Project("{9A19103F-16F7-4668-BE54-9A1E7A4F7556}") = "ScoutLanguageResources", "ScoutLanguageResources\ScoutLanguageResources.csproj", "{5F0A08E9-073A-4098-8389-978F33B64F28}"
EndProject
Project("{9A19103F-16F7-4668-BE54-9A1E7A4F7556}") = "ScoutModels", "ScoutModels\ScoutModels.csproj", "{917342ED-9E4E-4408-8306-30D4AADA64B1}"
EndProject
Project("{9A19103F-16F7-4668-BE54-9A1E7A4F7556}") = "ScoutUtilities", "ScoutUtilities\ScoutUtilities.csproj", "{20C0EDA2-C955-4961-B54F-96859F759B9C}"
EndProject
Project("{9A19103F-16F7-4668-BE54-9A1E7A4F7556}") = "ApiProxies", "ApiProxies\ApiProxies.csproj", "{BFCF6F85-581F-49F7-A446-E4566C329CB9}"
EndProject
Project("{9A19103F-16F7-4668-BE54-9A1E7A4F7556}") = "HawkeyeCoreAPI", "HawkeyeCoreAPI\HawkeyeCoreAPI.csproj", "{BEAB4E13-977D-4268-83F5-291876459D93}"
EndProject
Project("{9A19103F-16F7-4668-BE54-9A1E7A4F7556}") = "ScoutDataAccessLayer", "ScoutDataAccessLayer\ScoutDataAccessLayer.csproj", "{3A5C8255-5008-4C34-96C3-FA87D77879B1}"
EndProject
Project("{9A19103F-16F7-4668-BE54-9A1E7A4F7556}") = "ScoutModelsTests", "ScoutModelsTests\ScoutModelsTests.csproj", "{095E5CDC-A129-4E14-8220-0B147E6EEEBC}"
EndProject
Project("{9A19103F-16F7-4668-BE54-9A1E7A4F7556}") = "ScoutServicesTests", "ScoutServicesTests\ScoutServicesTests.csproj", "{D7BF8987-F021-48F5-A5A9-A7D9857D7448}"
	ProjectSection(ProjectDependencies) = postProject
		{14911C20-34AC-4C8D-854E-9F5E81BDF9DA} = {14911C20-34AC-4C8D-854E-9F5E81BDF9DA}
		{917342ED-9E4E-4408-8306-30D4AADA64B1} = {917342ED-9E4E-4408-8306-30D4AADA64B1}
	EndProjectSection
EndProject
Project("{9A19103F-16F7-4668-BE54-9A1E7A4F7556}") = "ScoutUiTest", "ScoutUiTest\ScoutUiTest.csproj", "{7A13E64D-DFE5-4BB2-86D0-BDC2BF083696}"
EndProject
Project("{9A19103F-16F7-4668-BE54-9A1E7A4F7556}") = "ScoutUtilitiesTest", "ScoutUtilitiesTest\ScoutUtilitiesTest.csproj", "{3A303327-070E-4D66-99BF-347FA88053B7}"
EndProject
Project("{9A19103F-16F7-4668-BE54-9A1E7A4F7556}") = "ScoutVmTests", "ScoutVmTests\ScoutVmTests.csproj", "{DFBA4053-AE55-44A6-A0E2-04923E9E2789}"
EndProject
Project("{9A19103F-16F7-4668-BE54-9A1E7A4F7556}") = "ScoutServices", "ScoutServices\ScoutServices.csproj", "{55FF9AA2-B1C7-48D7-861F-13C9125B064C}"
	ProjectSection(ProjectDependencies) = postProject
		{917342ED-9E4E-4408-8306-30D4AADA64B1} = {917342ED-9E4E-4408-8306-30D4AADA64B1}
	EndProjectSection
EndProject
Project("{9A19103F-16F7-4668-BE54-9A1E7A4F7556}") = "ScoutOpcUa", "ScoutOpcUa\ScoutOpcUa.csproj", "{077AF57A-7A69-47C9-AA01-B4CCD0370293}"
EndProject
Project("{9A19103F-16F7-4668-BE54-9A1E7A4F7556}") = "TestSupport", "TestSupport\TestSupport.csproj", "{14911C20-34AC-4C8D-854E-9F5E81BDF9DA}"
	ProjectSection(ProjectDependencies) = postProject
		{0BF98771-0A7E-4518-B7E0-A5BF94ECFC52} = {0BF98771-0A7E-4518-B7E0-A5BF94ECFC52}
		{20C0EDA2-C955-4961-B54F-96859F759B9C} = {20C0EDA2-C955-4961-B54F-96859F759B9C}
		{3A5C8255-5008-4C34-96C3-FA87D77879B1} = {3A5C8255-5008-4C34-96C3-FA87D77879B1}
		{55FF9AA2-B1C7-48D7-861F-13C9125B064C} = {55FF9AA2-B1C7-48D7-861F-13C9125B064C}
		{5F0A08E9-073A-4098-8389-978F33B64F28} = {5F0A08E9-073A-4098-8389-978F33B64F28}
		{AF52A8E5-6827-4F82-8F7F-B6B5986F53AD} = {AF52A8E5-6827-4F82-8F7F-B6B5986F53AD}
		{B85CA4E8-F6E9-477C-84E6-3F3C8F1EC40C} = {B85CA4E8-F6E9-477C-84E6-3F3C8F1EC40C}
		{BEAB4E13-977D-4268-83F5-291876459D93} = {BEAB4E13-977D-4268-83F5-291876459D93}
		{BFCF6F85-581F-49F7-A446-E4566C329CB9} = {BFCF6F85-581F-49F7-A446-E4566C329CB9}
		{CDDADB82-11D6-4A08-9FAA-DC937AE678A9} = {CDDADB82-11D6-4A08-9FAA-DC937AE678A9}
	EndProjectSection
EndProject
Project("{9A19103F-16F7-4668-BE54-9A1E7A4F7556}") = "ScoutOpcUaTests", "ScoutOpcUaTests\ScoutOpcUaTests.csproj", "{0D4D4310-7AE7-47ED-8AF2-19BB87006D09}"
EndProject
Project("{9A19103F-16F7-4668-BE54-9A1E7A4F7556}") = "ScoutDomainsTests", "ScoutDomainsTests\ScoutDomainsTests.csproj", "{8AE12921-817D-45D8-A2B8-E9B26E07A638}"
EndProject
Project("{2150E333-8FDC-42A3-9474-1A3956D46DE8}") = "09 - Export Manager", "09 - Export Manager", "{E2908A46-DAAC-4AE0-8BDC-C7627AEDE773}"
EndProject
Project("{FAE04EC0-301F-11D3-BF4B-00C04F79EFBC}") = "ExportManager", "ExportManager\ExportManager.csproj", "{CDDADB82-11D6-4A08-9FAA-DC937AE678A9}"
EndProject
Project("{FAE04EC0-301F-11D3-BF4B-00C04F79EFBC}") = "BAFWcsharp", "ExportManager\BAFWcsharp\BAFWcsharp.csproj", "{AF52A8E5-6827-4F82-8F7F-B6B5986F53AD}"
EndProject
Global
	GlobalSection(SolutionConfigurationPlatforms) = preSolution
		Debug|Any CPU = Debug|Any CPU
		Debug|x64 = Debug|x64
		Release|Any CPU = Release|Any CPU
		Release|x64 = Release|x64
	EndGlobalSection
	GlobalSection(ProjectConfigurationPlatforms) = postSolution
		{B85CA4E8-F6E9-477C-84E6-3F3C8F1EC40C}.Debug|Any CPU.ActiveCfg = Debug|x64
		{B85CA4E8-F6E9-477C-84E6-3F3C8F1EC40C}.Debug|Any CPU.Build.0 = Debug|x64
		{B85CA4E8-F6E9-477C-84E6-3F3C8F1EC40C}.Debug|x64.ActiveCfg = Debug|x64
		{B85CA4E8-F6E9-477C-84E6-3F3C8F1EC40C}.Debug|x64.Build.0 = Debug|x64
		{B85CA4E8-F6E9-477C-84E6-3F3C8F1EC40C}.Release|Any CPU.ActiveCfg = Release|x64
		{B85CA4E8-F6E9-477C-84E6-3F3C8F1EC40C}.Release|Any CPU.Build.0 = Release|x64
		{B85CA4E8-F6E9-477C-84E6-3F3C8F1EC40C}.Release|x64.ActiveCfg = Release|x64
		{B85CA4E8-F6E9-477C-84E6-3F3C8F1EC40C}.Release|x64.Build.0 = Release|x64
		{54FB59B8-31FD-4D46-A7B6-3BE5D07A66FF}.Debug|Any CPU.ActiveCfg = Debug|x64
		{54FB59B8-31FD-4D46-A7B6-3BE5D07A66FF}.Debug|Any CPU.Build.0 = Debug|x64
		{54FB59B8-31FD-4D46-A7B6-3BE5D07A66FF}.Debug|x64.ActiveCfg = Debug|x64
		{54FB59B8-31FD-4D46-A7B6-3BE5D07A66FF}.Debug|x64.Build.0 = Debug|x64
		{54FB59B8-31FD-4D46-A7B6-3BE5D07A66FF}.Release|Any CPU.ActiveCfg = Release|x64
		{54FB59B8-31FD-4D46-A7B6-3BE5D07A66FF}.Release|Any CPU.Build.0 = Release|x64
		{54FB59B8-31FD-4D46-A7B6-3BE5D07A66FF}.Release|x64.ActiveCfg = Release|x64
		{54FB59B8-31FD-4D46-A7B6-3BE5D07A66FF}.Release|x64.Build.0 = Release|x64
		{0BF98771-0A7E-4518-B7E0-A5BF94ECFC52}.Debug|Any CPU.ActiveCfg = Debug|x64
		{0BF98771-0A7E-4518-B7E0-A5BF94ECFC52}.Debug|Any CPU.Build.0 = Debug|x64
		{0BF98771-0A7E-4518-B7E0-A5BF94ECFC52}.Debug|x64.ActiveCfg = Debug|x64
		{0BF98771-0A7E-4518-B7E0-A5BF94ECFC52}.Debug|x64.Build.0 = Debug|x64
		{0BF98771-0A7E-4518-B7E0-A5BF94ECFC52}.Release|Any CPU.ActiveCfg = Release|x64
		{0BF98771-0A7E-4518-B7E0-A5BF94ECFC52}.Release|Any CPU.Build.0 = Release|x64
		{0BF98771-0A7E-4518-B7E0-A5BF94ECFC52}.Release|x64.ActiveCfg = Release|x64
		{0BF98771-0A7E-4518-B7E0-A5BF94ECFC52}.Release|x64.Build.0 = Release|x64
		{5F0A08E9-073A-4098-8389-978F33B64F28}.Debug|Any CPU.ActiveCfg = Debug|x64
		{5F0A08E9-073A-4098-8389-978F33B64F28}.Debug|Any CPU.Build.0 = Debug|x64
		{5F0A08E9-073A-4098-8389-978F33B64F28}.Debug|x64.ActiveCfg = Debug|x64
		{5F0A08E9-073A-4098-8389-978F33B64F28}.Debug|x64.Build.0 = Debug|x64
		{5F0A08E9-073A-4098-8389-978F33B64F28}.Release|Any CPU.ActiveCfg = Release|x64
		{5F0A08E9-073A-4098-8389-978F33B64F28}.Release|Any CPU.Build.0 = Release|x64
		{5F0A08E9-073A-4098-8389-978F33B64F28}.Release|x64.ActiveCfg = Release|x64
		{5F0A08E9-073A-4098-8389-978F33B64F28}.Release|x64.Build.0 = Release|x64
		{917342ED-9E4E-4408-8306-30D4AADA64B1}.Debug|Any CPU.ActiveCfg = Debug|x64
		{917342ED-9E4E-4408-8306-30D4AADA64B1}.Debug|Any CPU.Build.0 = Debug|x64
		{917342ED-9E4E-4408-8306-30D4AADA64B1}.Debug|x64.ActiveCfg = Debug|x64
		{917342ED-9E4E-4408-8306-30D4AADA64B1}.Debug|x64.Build.0 = Debug|x64
		{917342ED-9E4E-4408-8306-30D4AADA64B1}.Release|Any CPU.ActiveCfg = Release|x64
		{917342ED-9E4E-4408-8306-30D4AADA64B1}.Release|Any CPU.Build.0 = Release|x64
		{917342ED-9E4E-4408-8306-30D4AADA64B1}.Release|x64.ActiveCfg = Release|x64
		{917342ED-9E4E-4408-8306-30D4AADA64B1}.Release|x64.Build.0 = Release|x64
		{20C0EDA2-C955-4961-B54F-96859F759B9C}.Debug|Any CPU.ActiveCfg = Debug|x64
		{20C0EDA2-C955-4961-B54F-96859F759B9C}.Debug|Any CPU.Build.0 = Debug|x64
		{20C0EDA2-C955-4961-B54F-96859F759B9C}.Debug|x64.ActiveCfg = Debug|x64
		{20C0EDA2-C955-4961-B54F-96859F759B9C}.Debug|x64.Build.0 = Debug|x64
		{20C0EDA2-C955-4961-B54F-96859F759B9C}.Release|Any CPU.ActiveCfg = Release|x64
		{20C0EDA2-C955-4961-B54F-96859F759B9C}.Release|Any CPU.Build.0 = Release|x64
		{20C0EDA2-C955-4961-B54F-96859F759B9C}.Release|x64.ActiveCfg = Release|x64
		{20C0EDA2-C955-4961-B54F-96859F759B9C}.Release|x64.Build.0 = Release|x64
		{BFCF6F85-581F-49F7-A446-E4566C329CB9}.Debug|Any CPU.ActiveCfg = Debug|x64
		{BFCF6F85-581F-49F7-A446-E4566C329CB9}.Debug|Any CPU.Build.0 = Debug|x64
		{BFCF6F85-581F-49F7-A446-E4566C329CB9}.Debug|x64.ActiveCfg = Debug|x64
		{BFCF6F85-581F-49F7-A446-E4566C329CB9}.Debug|x64.Build.0 = Debug|x64
		{BFCF6F85-581F-49F7-A446-E4566C329CB9}.Release|Any CPU.ActiveCfg = Release|x64
		{BFCF6F85-581F-49F7-A446-E4566C329CB9}.Release|Any CPU.Build.0 = Release|x64
		{BFCF6F85-581F-49F7-A446-E4566C329CB9}.Release|x64.ActiveCfg = Release|x64
		{BFCF6F85-581F-49F7-A446-E4566C329CB9}.Release|x64.Build.0 = Release|x64
		{BEAB4E13-977D-4268-83F5-291876459D93}.Debug|Any CPU.ActiveCfg = Debug|x64
		{BEAB4E13-977D-4268-83F5-291876459D93}.Debug|Any CPU.Build.0 = Debug|x64
		{BEAB4E13-977D-4268-83F5-291876459D93}.Debug|x64.ActiveCfg = Debug|x64
		{BEAB4E13-977D-4268-83F5-291876459D93}.Debug|x64.Build.0 = Debug|x64
		{BEAB4E13-977D-4268-83F5-291876459D93}.Release|Any CPU.ActiveCfg = Release|x64
		{BEAB4E13-977D-4268-83F5-291876459D93}.Release|Any CPU.Build.0 = Release|x64
		{BEAB4E13-977D-4268-83F5-291876459D93}.Release|x64.ActiveCfg = Release|x64
		{BEAB4E13-977D-4268-83F5-291876459D93}.Release|x64.Build.0 = Release|x64
		{3A5C8255-5008-4C34-96C3-FA87D77879B1}.Debug|Any CPU.ActiveCfg = Debug|x64
		{3A5C8255-5008-4C34-96C3-FA87D77879B1}.Debug|Any CPU.Build.0 = Debug|x64
		{3A5C8255-5008-4C34-96C3-FA87D77879B1}.Debug|x64.ActiveCfg = Debug|x64
		{3A5C8255-5008-4C34-96C3-FA87D77879B1}.Debug|x64.Build.0 = Debug|x64
		{3A5C8255-5008-4C34-96C3-FA87D77879B1}.Release|Any CPU.ActiveCfg = Release|x64
		{3A5C8255-5008-4C34-96C3-FA87D77879B1}.Release|Any CPU.Build.0 = Release|x64
		{3A5C8255-5008-4C34-96C3-FA87D77879B1}.Release|x64.ActiveCfg = Release|x64
		{3A5C8255-5008-4C34-96C3-FA87D77879B1}.Release|x64.Build.0 = Release|x64
		{095E5CDC-A129-4E14-8220-0B147E6EEEBC}.Debug|Any CPU.ActiveCfg = Debug|x64
		{095E5CDC-A129-4E14-8220-0B147E6EEEBC}.Debug|Any CPU.Build.0 = Debug|x64
		{095E5CDC-A129-4E14-8220-0B147E6EEEBC}.Debug|x64.ActiveCfg = Debug|x64
		{095E5CDC-A129-4E14-8220-0B147E6EEEBC}.Debug|x64.Build.0 = Debug|x64
		{095E5CDC-A129-4E14-8220-0B147E6EEEBC}.Release|Any CPU.ActiveCfg = Release|x64
		{095E5CDC-A129-4E14-8220-0B147E6EEEBC}.Release|Any CPU.Build.0 = Release|x64
		{095E5CDC-A129-4E14-8220-0B147E6EEEBC}.Release|x64.ActiveCfg = Release|x64
		{095E5CDC-A129-4E14-8220-0B147E6EEEBC}.Release|x64.Build.0 = Release|x64
		{D7BF8987-F021-48F5-A5A9-A7D9857D7448}.Debug|Any CPU.ActiveCfg = Debug|x64
		{D7BF8987-F021-48F5-A5A9-A7D9857D7448}.Debug|Any CPU.Build.0 = Debug|x64
		{D7BF8987-F021-48F5-A5A9-A7D9857D7448}.Debug|x64.ActiveCfg = Debug|x64
		{D7BF8987-F021-48F5-A5A9-A7D9857D7448}.Debug|x64.Build.0 = Debug|x64
		{D7BF8987-F021-48F5-A5A9-A7D9857D7448}.Release|Any CPU.ActiveCfg = Release|x64
		{D7BF8987-F021-48F5-A5A9-A7D9857D7448}.Release|Any CPU.Build.0 = Release|x64
		{D7BF8987-F021-48F5-A5A9-A7D9857D7448}.Release|x64.ActiveCfg = Release|x64
		{D7BF8987-F021-48F5-A5A9-A7D9857D7448}.Release|x64.Build.0 = Release|x64
		{7A13E64D-DFE5-4BB2-86D0-BDC2BF083696}.Debug|Any CPU.ActiveCfg = Debug|x64
		{7A13E64D-DFE5-4BB2-86D0-BDC2BF083696}.Debug|Any CPU.Build.0 = Debug|x64
		{7A13E64D-DFE5-4BB2-86D0-BDC2BF083696}.Debug|x64.ActiveCfg = Debug|x64
		{7A13E64D-DFE5-4BB2-86D0-BDC2BF083696}.Debug|x64.Build.0 = Debug|x64
		{7A13E64D-DFE5-4BB2-86D0-BDC2BF083696}.Release|Any CPU.ActiveCfg = Release|x64
		{7A13E64D-DFE5-4BB2-86D0-BDC2BF083696}.Release|Any CPU.Build.0 = Release|x64
		{7A13E64D-DFE5-4BB2-86D0-BDC2BF083696}.Release|x64.ActiveCfg = Release|x64
		{7A13E64D-DFE5-4BB2-86D0-BDC2BF083696}.Release|x64.Build.0 = Release|x64
		{3A303327-070E-4D66-99BF-347FA88053B7}.Debug|Any CPU.ActiveCfg = Debug|x64
		{3A303327-070E-4D66-99BF-347FA88053B7}.Debug|Any CPU.Build.0 = Debug|x64
		{3A303327-070E-4D66-99BF-347FA88053B7}.Debug|x64.ActiveCfg = Debug|x64
		{3A303327-070E-4D66-99BF-347FA88053B7}.Debug|x64.Build.0 = Debug|x64
		{3A303327-070E-4D66-99BF-347FA88053B7}.Release|Any CPU.ActiveCfg = Release|x64
		{3A303327-070E-4D66-99BF-347FA88053B7}.Release|Any CPU.Build.0 = Release|x64
		{3A303327-070E-4D66-99BF-347FA88053B7}.Release|x64.ActiveCfg = Release|x64
		{3A303327-070E-4D66-99BF-347FA88053B7}.Release|x64.Build.0 = Release|x64
		{DFBA4053-AE55-44A6-A0E2-04923E9E2789}.Debug|Any CPU.ActiveCfg = Debug|x64
		{DFBA4053-AE55-44A6-A0E2-04923E9E2789}.Debug|Any CPU.Build.0 = Debug|x64
		{DFBA4053-AE55-44A6-A0E2-04923E9E2789}.Debug|x64.ActiveCfg = Debug|x64
		{DFBA4053-AE55-44A6-A0E2-04923E9E2789}.Debug|x64.Build.0 = Debug|x64
		{DFBA4053-AE55-44A6-A0E2-04923E9E2789}.Release|Any CPU.ActiveCfg = Release|x64
		{DFBA4053-AE55-44A6-A0E2-04923E9E2789}.Release|Any CPU.Build.0 = Release|x64
		{DFBA4053-AE55-44A6-A0E2-04923E9E2789}.Release|x64.ActiveCfg = Release|x64
		{DFBA4053-AE55-44A6-A0E2-04923E9E2789}.Release|x64.Build.0 = Release|x64
		{55FF9AA2-B1C7-48D7-861F-13C9125B064C}.Debug|Any CPU.ActiveCfg = Debug|x64
		{55FF9AA2-B1C7-48D7-861F-13C9125B064C}.Debug|Any CPU.Build.0 = Debug|x64
		{55FF9AA2-B1C7-48D7-861F-13C9125B064C}.Debug|x64.ActiveCfg = Debug|x64
		{55FF9AA2-B1C7-48D7-861F-13C9125B064C}.Debug|x64.Build.0 = Debug|x64
		{55FF9AA2-B1C7-48D7-861F-13C9125B064C}.Release|Any CPU.ActiveCfg = Release|x64
		{55FF9AA2-B1C7-48D7-861F-13C9125B064C}.Release|Any CPU.Build.0 = Release|x64
		{55FF9AA2-B1C7-48D7-861F-13C9125B064C}.Release|x64.ActiveCfg = Release|x64
		{55FF9AA2-B1C7-48D7-861F-13C9125B064C}.Release|x64.Build.0 = Release|x64
		{077AF57A-7A69-47C9-AA01-B4CCD0370293}.Debug|Any CPU.ActiveCfg = Debug|x64
		{077AF57A-7A69-47C9-AA01-B4CCD0370293}.Debug|Any CPU.Build.0 = Debug|x64
		{077AF57A-7A69-47C9-AA01-B4CCD0370293}.Debug|x64.ActiveCfg = Debug|x64
		{077AF57A-7A69-47C9-AA01-B4CCD0370293}.Debug|x64.Build.0 = Debug|x64
		{077AF57A-7A69-47C9-AA01-B4CCD0370293}.Release|Any CPU.ActiveCfg = Release|x64
		{077AF57A-7A69-47C9-AA01-B4CCD0370293}.Release|Any CPU.Build.0 = Release|x64
		{077AF57A-7A69-47C9-AA01-B4CCD0370293}.Release|x64.ActiveCfg = Release|x64
		{077AF57A-7A69-47C9-AA01-B4CCD0370293}.Release|x64.Build.0 = Release|x64
		{14911C20-34AC-4C8D-854E-9F5E81BDF9DA}.Debug|Any CPU.ActiveCfg = Debug|x64
		{14911C20-34AC-4C8D-854E-9F5E81BDF9DA}.Debug|Any CPU.Build.0 = Debug|x64
		{14911C20-34AC-4C8D-854E-9F5E81BDF9DA}.Debug|x64.ActiveCfg = Debug|x64
		{14911C20-34AC-4C8D-854E-9F5E81BDF9DA}.Debug|x64.Build.0 = Debug|x64
		{14911C20-34AC-4C8D-854E-9F5E81BDF9DA}.Release|Any CPU.ActiveCfg = Release|x64
		{14911C20-34AC-4C8D-854E-9F5E81BDF9DA}.Release|Any CPU.Build.0 = Release|x64
		{14911C20-34AC-4C8D-854E-9F5E81BDF9DA}.Release|x64.ActiveCfg = Release|x64
		{14911C20-34AC-4C8D-854E-9F5E81BDF9DA}.Release|x64.Build.0 = Release|x64
		{0D4D4310-7AE7-47ED-8AF2-19BB87006D09}.Debug|Any CPU.ActiveCfg = Debug|x64
		{0D4D4310-7AE7-47ED-8AF2-19BB87006D09}.Debug|Any CPU.Build.0 = Debug|x64
		{0D4D4310-7AE7-47ED-8AF2-19BB87006D09}.Debug|x64.ActiveCfg = Debug|x64
		{0D4D4310-7AE7-47ED-8AF2-19BB87006D09}.Debug|x64.Build.0 = Debug|x64
		{0D4D4310-7AE7-47ED-8AF2-19BB87006D09}.Release|Any CPU.ActiveCfg = Release|x64
		{0D4D4310-7AE7-47ED-8AF2-19BB87006D09}.Release|Any CPU.Build.0 = Release|x64
		{0D4D4310-7AE7-47ED-8AF2-19BB87006D09}.Release|x64.ActiveCfg = Release|x64
		{0D4D4310-7AE7-47ED-8AF2-19BB87006D09}.Release|x64.Build.0 = Release|x64
		{8AE12921-817D-45D8-A2B8-E9B26E07A638}.Debug|Any CPU.ActiveCfg = Debug|x64
		{8AE12921-817D-45D8-A2B8-E9B26E07A638}.Debug|Any CPU.Build.0 = Debug|x64
		{8AE12921-817D-45D8-A2B8-E9B26E07A638}.Debug|x64.ActiveCfg = Debug|x64
		{8AE12921-817D-45D8-A2B8-E9B26E07A638}.Debug|x64.Build.0 = Debug|x64
		{8AE12921-817D-45D8-A2B8-E9B26E07A638}.Release|Any CPU.ActiveCfg = Release|x64
		{8AE12921-817D-45D8-A2B8-E9B26E07A638}.Release|Any CPU.Build.0 = Release|x64
		{8AE12921-817D-45D8-A2B8-E9B26E07A638}.Release|x64.ActiveCfg = Release|x64
		{8AE12921-817D-45D8-A2B8-E9B26E07A638}.Release|x64.Build.0 = Release|x64
		{CDDADB82-11D6-4A08-9FAA-DC937AE678A9}.Debug|Any CPU.ActiveCfg = Debug|x64
		{CDDADB82-11D6-4A08-9FAA-DC937AE678A9}.Debug|Any CPU.Build.0 = Debug|x64
		{CDDADB82-11D6-4A08-9FAA-DC937AE678A9}.Debug|x64.ActiveCfg = Debug|x64
		{CDDADB82-11D6-4A08-9FAA-DC937AE678A9}.Debug|x64.Build.0 = Debug|x64
		{CDDADB82-11D6-4A08-9FAA-DC937AE678A9}.Release|Any CPU.ActiveCfg = Release|x64
		{CDDADB82-11D6-4A08-9FAA-DC937AE678A9}.Release|Any CPU.Build.0 = Release|x64
		{CDDADB82-11D6-4A08-9FAA-DC937AE678A9}.Release|x64.ActiveCfg = Release|x64
		{CDDADB82-11D6-4A08-9FAA-DC937AE678A9}.Release|x64.Build.0 = Release|x64
		{AF52A8E5-6827-4F82-8F7F-B6B5986F53AD}.Debug|Any CPU.ActiveCfg = Debug|x64
		{AF52A8E5-6827-4F82-8F7F-B6B5986F53AD}.Debug|Any CPU.Build.0 = Debug|x64
		{AF52A8E5-6827-4F82-8F7F-B6B5986F53AD}.Debug|x64.ActiveCfg = Debug|x64
		{AF52A8E5-6827-4F82-8F7F-B6B5986F53AD}.Debug|x64.Build.0 = Debug|x64
		{AF52A8E5-6827-4F82-8F7F-B6B5986F53AD}.Release|Any CPU.ActiveCfg = Release|x64
		{AF52A8E5-6827-4F82-8F7F-B6B5986F53AD}.Release|Any CPU.Build.0 = Release|x64
		{AF52A8E5-6827-4F82-8F7F-B6B5986F53AD}.Release|x64.ActiveCfg = Release|x64
		{AF52A8E5-6827-4F82-8F7F-B6B5986F53AD}.Release|x64.Build.0 = Release|x64
	EndGlobalSection
	GlobalSection(SolutionProperties) = preSolution
		HideSolutionNode = FALSE
	EndGlobalSection
	GlobalSection(NestedProjects) = preSolution
		{AEE06AC7-E5DF-40FD-9EE0-A04E236DB1B2} = {D1F0C299-7D61-456E-83BF-BFB94B4D77AA}
		{2BDDFA1D-4C5F-4A99-B153-366461516F67} = {AEE06AC7-E5DF-40FD-9EE0-A04E236DB1B2}
		{B85CA4E8-F6E9-477C-84E6-3F3C8F1EC40C} = {453B40E1-CE62-4AE6-9D1D-389B535772FE}
		{54FB59B8-31FD-4D46-A7B6-3BE5D07A66FF} = {AFEDE750-F6FC-451C-9C5D-BDC99537BA02}
		{0BF98771-0A7E-4518-B7E0-A5BF94ECFC52} = {F70AE1B4-E5FB-472A-98CB-CC9F5515806A}
		{5F0A08E9-073A-4098-8389-978F33B64F28} = {F70AE1B4-E5FB-472A-98CB-CC9F5515806A}
		{917342ED-9E4E-4408-8306-30D4AADA64B1} = {F70AE1B4-E5FB-472A-98CB-CC9F5515806A}
		{20C0EDA2-C955-4961-B54F-96859F759B9C} = {E4732B19-2470-43C0-AA17-57FD92ABE9FC}
		{BFCF6F85-581F-49F7-A446-E4566C329CB9} = {D51C14E0-8FBE-49AC-96B0-1B53A5782FDC}
		{BEAB4E13-977D-4268-83F5-291876459D93} = {D51C14E0-8FBE-49AC-96B0-1B53A5782FDC}
		{3A5C8255-5008-4C34-96C3-FA87D77879B1} = {B849DA00-42D2-466C-BCE1-34F262799037}
		{095E5CDC-A129-4E14-8220-0B147E6EEEBC} = {B2176019-C86D-417B-9320-B9B1C1808C95}
		{D7BF8987-F021-48F5-A5A9-A7D9857D7448} = {B2176019-C86D-417B-9320-B9B1C1808C95}
		{7A13E64D-DFE5-4BB2-86D0-BDC2BF083696} = {B2176019-C86D-417B-9320-B9B1C1808C95}
		{3A303327-070E-4D66-99BF-347FA88053B7} = {B2176019-C86D-417B-9320-B9B1C1808C95}
		{DFBA4053-AE55-44A6-A0E2-04923E9E2789} = {B2176019-C86D-417B-9320-B9B1C1808C95}
		{55FF9AA2-B1C7-48D7-861F-13C9125B064C} = {BD205BED-8157-48E1-8A90-10B2E9AA21F1}
		{077AF57A-7A69-47C9-AA01-B4CCD0370293} = {7187EFE8-BC02-4ABE-A081-841AD584C970}
		{14911C20-34AC-4C8D-854E-9F5E81BDF9DA} = {B2176019-C86D-417B-9320-B9B1C1808C95}
		{0D4D4310-7AE7-47ED-8AF2-19BB87006D09} = {B2176019-C86D-417B-9320-B9B1C1808C95}
		{8AE12921-817D-45D8-A2B8-E9B26E07A638} = {B2176019-C86D-417B-9320-B9B1C1808C95}
		{CDDADB82-11D6-4A08-9FAA-DC937AE678A9} = {E2908A46-DAAC-4AE0-8BDC-C7627AEDE773}
		{AF52A8E5-6827-4F82-8F7F-B6B5986F53AD} = {E2908A46-DAAC-4AE0-8BDC-C7627AEDE773}
	EndGlobalSection
	GlobalSection(ExtensibilityGlobals) = postSolution
		SolutionGuid = {7CD0BA3F-48C6-43A1-AF7C-73D41130E2F0}
	EndGlobalSection
EndGlobal
