
Microsoft Visual Studio Solution File, Format Version 12.00
# Visual Studio Version 16
VisualStudioVersion = 16.0.30320.27
MinimumVisualStudioVersion = 10.0.40219.1
Project("{FAE04EC0-301F-11D3-BF4B-00C04F79EFBC}") = "BAFWcsharp", "BAFWcsharp.csproj", "{AF52A8E5-6827-4F82-8F7F-B6B5986F53AD}"
EndProject
Project("{FAE04EC0-301F-11D3-BF4B-00C04F79EFBC}") = "ExSimple_fsm", "..\Examples\ExSimple_fsm\ExSimple_fsm.csproj", "{BD9573F5-8D9C-4542-8D00-49C0FC30DBCB}"
EndProject
Project("{FAE04EC0-301F-11D3-BF4B-00C04F79EFBC}") = "ExSimple_hsm", "..\Examples\ExSimple_hsm\ExSimple_hsm.csproj", "{B026FEC3-0925-4440-8C5D-F57144C09225}"
EndProject
Project("{FAE04EC0-301F-11D3-BF4B-00C04F79EFBC}") = "HSM_Test", "..\HSM_Test\HSM_Test.csproj", "{8E7DBBEA-DC5D-4590-96B2-AD93CB72129C}"
EndProject
Project("{FAE04EC0-301F-11D3-BF4B-00C04F79EFBC}") = "ExampleMDI", "..\Examples\ExampleMDI\ExampleMDI.csproj", "{66C2BAA3-E91B-4678-B5D2-7CA9BC1B39DA}"
EndProject
Project("{FAE04EC0-301F-11D3-BF4B-00C04F79EFBC}") = "BLib", "..\BLib\BLib.csproj", "{9EE377DD-8693-449C-97E1-9D9214391134}"
EndProject
Project("{FAE04EC0-301F-11D3-BF4B-00C04F79EFBC}") = "ImageProcTest_01", "..\Examples\ImageProcTest_01\ImageProcTest_01\ImageProcTest_01.csproj", "{8E6BC842-37B3-4F1F-B9FE-C80B857340E9}"
EndProject
Project("{2150E333-8FDC-42A3-9474-1A3956D46DE8}") = "Examples", "Examples", "{40DE0056-726E-4895-856B-09160E011A76}"
EndProject
Project("{2150E333-8FDC-42A3-9474-1A3956D46DE8}") = "TestProjects", "TestProjects", "{8A603554-A7C8-4EF2-B794-7D801AF29708}"
EndProject
Global
	GlobalSection(SolutionConfigurationPlatforms) = preSolution
		Debug|Any CPU = Debug|Any CPU
		Debug|x64 = Debug|x64
		Release|Any CPU = Release|Any CPU
		Release|x64 = Release|x64
	EndGlobalSection
	GlobalSection(ProjectConfigurationPlatforms) = postSolution
		{AF52A8E5-6827-4F82-8F7F-B6B5986F53AD}.Debug|Any CPU.ActiveCfg = Debug|Any CPU
		{AF52A8E5-6827-4F82-8F7F-B6B5986F53AD}.Debug|Any CPU.Build.0 = Debug|Any CPU
		{AF52A8E5-6827-4F82-8F7F-B6B5986F53AD}.Debug|x64.ActiveCfg = Debug|x64
		{AF52A8E5-6827-4F82-8F7F-B6B5986F53AD}.Debug|x64.Build.0 = Debug|x64
		{AF52A8E5-6827-4F82-8F7F-B6B5986F53AD}.Release|Any CPU.ActiveCfg = Release|Any CPU
		{AF52A8E5-6827-4F82-8F7F-B6B5986F53AD}.Release|Any CPU.Build.0 = Release|Any CPU
		{AF52A8E5-6827-4F82-8F7F-B6B5986F53AD}.Release|x64.ActiveCfg = Debug|x64
		{AF52A8E5-6827-4F82-8F7F-B6B5986F53AD}.Release|x64.Build.0 = Debug|x64
		{BD9573F5-8D9C-4542-8D00-49C0FC30DBCB}.Debug|Any CPU.ActiveCfg = Debug|Any CPU
		{BD9573F5-8D9C-4542-8D00-49C0FC30DBCB}.Debug|Any CPU.Build.0 = Debug|Any CPU
		{BD9573F5-8D9C-4542-8D00-49C0FC30DBCB}.Debug|x64.ActiveCfg = Debug|x64
		{BD9573F5-8D9C-4542-8D00-49C0FC30DBCB}.Debug|x64.Build.0 = Debug|x64
		{BD9573F5-8D9C-4542-8D00-49C0FC30DBCB}.Release|Any CPU.ActiveCfg = Release|Any CPU
		{BD9573F5-8D9C-4542-8D00-49C0FC30DBCB}.Release|Any CPU.Build.0 = Release|Any CPU
		{BD9573F5-8D9C-4542-8D00-49C0FC30DBCB}.Release|x64.ActiveCfg = Debug|Any CPU
		{BD9573F5-8D9C-4542-8D00-49C0FC30DBCB}.Release|x64.Build.0 = Debug|Any CPU
		{B026FEC3-0925-4440-8C5D-F57144C09225}.Debug|Any CPU.ActiveCfg = Debug|Any CPU
		{B026FEC3-0925-4440-8C5D-F57144C09225}.Debug|Any CPU.Build.0 = Debug|Any CPU
		{B026FEC3-0925-4440-8C5D-F57144C09225}.Debug|x64.ActiveCfg = Debug|x64
		{B026FEC3-0925-4440-8C5D-F57144C09225}.Debug|x64.Build.0 = Debug|x64
		{B026FEC3-0925-4440-8C5D-F57144C09225}.Release|Any CPU.ActiveCfg = Release|Any CPU
		{B026FEC3-0925-4440-8C5D-F57144C09225}.Release|Any CPU.Build.0 = Release|Any CPU
		{B026FEC3-0925-4440-8C5D-F57144C09225}.Release|x64.ActiveCfg = Debug|Any CPU
		{B026FEC3-0925-4440-8C5D-F57144C09225}.Release|x64.Build.0 = Debug|Any CPU
		{8E7DBBEA-DC5D-4590-96B2-AD93CB72129C}.Debug|Any CPU.ActiveCfg = Debug|Any CPU
		{8E7DBBEA-DC5D-4590-96B2-AD93CB72129C}.Debug|Any CPU.Build.0 = Debug|Any CPU
		{8E7DBBEA-DC5D-4590-96B2-AD93CB72129C}.Debug|x64.ActiveCfg = Debug|x64
		{8E7DBBEA-DC5D-4590-96B2-AD93CB72129C}.Debug|x64.Build.0 = Debug|x64
		{8E7DBBEA-DC5D-4590-96B2-AD93CB72129C}.Release|Any CPU.ActiveCfg = Release|Any CPU
		{8E7DBBEA-DC5D-4590-96B2-AD93CB72129C}.Release|Any CPU.Build.0 = Release|Any CPU
		{8E7DBBEA-DC5D-4590-96B2-AD93CB72129C}.Release|x64.ActiveCfg = Debug|Any CPU
		{8E7DBBEA-DC5D-4590-96B2-AD93CB72129C}.Release|x64.Build.0 = Debug|Any CPU
		{66C2BAA3-E91B-4678-B5D2-7CA9BC1B39DA}.Debug|Any CPU.ActiveCfg = Debug|Any CPU
		{66C2BAA3-E91B-4678-B5D2-7CA9BC1B39DA}.Debug|Any CPU.Build.0 = Debug|Any CPU
		{66C2BAA3-E91B-4678-B5D2-7CA9BC1B39DA}.Debug|x64.ActiveCfg = Debug|x64
		{66C2BAA3-E91B-4678-B5D2-7CA9BC1B39DA}.Debug|x64.Build.0 = Debug|x64
		{66C2BAA3-E91B-4678-B5D2-7CA9BC1B39DA}.Release|Any CPU.ActiveCfg = Release|Any CPU
		{66C2BAA3-E91B-4678-B5D2-7CA9BC1B39DA}.Release|Any CPU.Build.0 = Release|Any CPU
		{66C2BAA3-E91B-4678-B5D2-7CA9BC1B39DA}.Release|x64.ActiveCfg = Release|Any CPU
		{66C2BAA3-E91B-4678-B5D2-7CA9BC1B39DA}.Release|x64.Build.0 = Release|Any CPU
		{9EE377DD-8693-449C-97E1-9D9214391134}.Debug|Any CPU.ActiveCfg = Debug|Any CPU
		{9EE377DD-8693-449C-97E1-9D9214391134}.Debug|Any CPU.Build.0 = Debug|Any CPU
		{9EE377DD-8693-449C-97E1-9D9214391134}.Debug|x64.ActiveCfg = Debug|x64
		{9EE377DD-8693-449C-97E1-9D9214391134}.Debug|x64.Build.0 = Debug|x64
		{9EE377DD-8693-449C-97E1-9D9214391134}.Release|Any CPU.ActiveCfg = Release|Any CPU
		{9EE377DD-8693-449C-97E1-9D9214391134}.Release|Any CPU.Build.0 = Release|Any CPU
		{9EE377DD-8693-449C-97E1-9D9214391134}.Release|x64.ActiveCfg = Release|Any CPU
		{9EE377DD-8693-449C-97E1-9D9214391134}.Release|x64.Build.0 = Release|Any CPU
		{8E6BC842-37B3-4F1F-B9FE-C80B857340E9}.Debug|Any CPU.ActiveCfg = Debug|Any CPU
		{8E6BC842-37B3-4F1F-B9FE-C80B857340E9}.Debug|Any CPU.Build.0 = Debug|Any CPU
		{8E6BC842-37B3-4F1F-B9FE-C80B857340E9}.Debug|x64.ActiveCfg = Debug|x64
		{8E6BC842-37B3-4F1F-B9FE-C80B857340E9}.Debug|x64.Build.0 = Debug|x64
		{8E6BC842-37B3-4F1F-B9FE-C80B857340E9}.Release|Any CPU.ActiveCfg = Release|Any CPU
		{8E6BC842-37B3-4F1F-B9FE-C80B857340E9}.Release|Any CPU.Build.0 = Release|Any CPU
		{8E6BC842-37B3-4F1F-B9FE-C80B857340E9}.Release|x64.ActiveCfg = Release|x64
		{8E6BC842-37B3-4F1F-B9FE-C80B857340E9}.Release|x64.Build.0 = Release|x64
	EndGlobalSection
	GlobalSection(SolutionProperties) = preSolution
		HideSolutionNode = FALSE
	EndGlobalSection
	GlobalSection(NestedProjects) = preSolution
		{BD9573F5-8D9C-4542-8D00-49C0FC30DBCB} = {40DE0056-726E-4895-856B-09160E011A76}
		{B026FEC3-0925-4440-8C5D-F57144C09225} = {40DE0056-726E-4895-856B-09160E011A76}
		{8E7DBBEA-DC5D-4590-96B2-AD93CB72129C} = {8A603554-A7C8-4EF2-B794-7D801AF29708}
		{66C2BAA3-E91B-4678-B5D2-7CA9BC1B39DA} = {40DE0056-726E-4895-856B-09160E011A76}
		{8E6BC842-37B3-4F1F-B9FE-C80B857340E9} = {8A603554-A7C8-4EF2-B794-7D801AF29708}
	EndGlobalSection
	GlobalSection(ExtensibilityGlobals) = postSolution
		SolutionGuid = {46F24587-BD1E-420B-8C1C-D5BBC41D82AE}
	EndGlobalSection
EndGlobal
